
Microsoft Visual Studio Solution File, Format Version 12.00
# Visual Studio Version 17
VisualStudioVersion = 17.12.35707.178
MinimumVisualStudioVersion = 10.0.40219.1
Project("{2150E333-8FDC-42A3-9474-1A3956D46DE8}") = "Lesson5", "Lesson5", "{A732C371-F0FE-478A-A9AE-50ADBDAA1A8C}"
EndProject
Project("{FAE04EC0-301F-11D3-BF4B-00C04F79EFBC}") = "Task_05_04", "Task_05_04\Task_05_04.csproj", "{9F6A8E83-41D8-46BC-86B5-9E41DBA3A5E0}"
EndProject
Project("{FAE04EC0-301F-11D3-BF4B-00C04F79EFBC}") = "Task_05_05", "Task_05_05\Task_05_05.csproj", "{4C6C3D75-0994-412A-B2E3-F0744E97D1A4}"
EndProject
Project("{FAE04EC0-301F-11D3-BF4B-00C04F79EFBC}") = "Task_05_06", "Task_05_06\Task_05_06.csproj", "{479229AD-AED9-4ED3-85B7-C7F1FCFC9D74}"
EndProject
Project("{FAE04EC0-301F-11D3-BF4B-00C04F79EFBC}") = "Task_05_07", "Task_05_07\Task_05_07.csproj", "{20BB1DBA-5A4D-4BE5-9371-9E529C044CF4}"
EndProject
Project("{FAE04EC0-301F-11D3-BF4B-00C04F79EFBC}") = "Task_05_08", "Task_05_08\Task_05_08.csproj", "{243384AC-3806-4377-B223-41565D684964}"
EndProject
Project("{FAE04EC0-301F-11D3-BF4B-00C04F79EFBC}") = "Task_05_09", "Ефыл_05_09\Task_05_09.csproj", "{CCA305DC-37FF-4721-81D0-7F0A30C52522}"
EndProject
Project("{2150E333-8FDC-42A3-9474-1A3956D46DE8}") = "Lesson14", "Lesson14", "{C779FE3F-B465-4A61-A566-BC82DE7C6203}"
EndProject
Project("{FAE04EC0-301F-11D3-BF4B-00C04F79EFBC}") = "Task_14_03", "Task_14_03\Task_14_03.csproj", "{ECBDD65F-7B1D-42E9-84BA-07677209A897}"
EndProject
Project("{FAE04EC0-301F-11D3-BF4B-00C04F79EFBC}") = "Task_14_04", "Task_14_04\Task_14_04.csproj", "{423B00FB-9E8D-4BFF-8092-AA318AC0C103}"
EndProject
Project("{2150E333-8FDC-42A3-9474-1A3956D46DE8}") = "Lesson 13", "Lesson 13", "{FEF87304-26B0-47E4-A3F8-DE8651D20FC7}"
EndProject
Project("{FAE04EC0-301F-11D3-BF4B-00C04F79EFBC}") = "Task_13_02", "Task_13_02\Task_13_02.csproj", "{22A062D2-6404-4EFE-9C3E-C8041E418CF7}"
EndProject
Project("{FAE04EC0-301F-11D3-BF4B-00C04F79EFBC}") = "Task_13_03", "Task_13_03\Task_13_03.csproj", "{A9937CAA-671B-46EF-9972-DC5EFBF82C40}"
EndProject
Project("{2150E333-8FDC-42A3-9474-1A3956D46DE8}") = "Lesson 20", "Lesson 20", "{5A58917C-0919-477A-9843-303A355B63BB}"
EndProject
Project("{FAE04EC0-301F-11D3-BF4B-00C04F79EFBC}") = "Task_20_04", "Task_20_04\Task_20_04.csproj", "{4EC8D654-8DC0-4D78-928F-1527651582D0}"
EndProject
Global
	GlobalSection(SolutionConfigurationPlatforms) = preSolution
		Debug|Any CPU = Debug|Any CPU
		Release|Any CPU = Release|Any CPU
	EndGlobalSection
	GlobalSection(ProjectConfigurationPlatforms) = postSolution
		{9F6A8E83-41D8-46BC-86B5-9E41DBA3A5E0}.Debug|Any CPU.ActiveCfg = Debug|Any CPU
		{9F6A8E83-41D8-46BC-86B5-9E41DBA3A5E0}.Debug|Any CPU.Build.0 = Debug|Any CPU
		{9F6A8E83-41D8-46BC-86B5-9E41DBA3A5E0}.Release|Any CPU.ActiveCfg = Release|Any CPU
		{9F6A8E83-41D8-46BC-86B5-9E41DBA3A5E0}.Release|Any CPU.Build.0 = Release|Any CPU
		{4C6C3D75-0994-412A-B2E3-F0744E97D1A4}.Debug|Any CPU.ActiveCfg = Debug|Any CPU
		{4C6C3D75-0994-412A-B2E3-F0744E97D1A4}.Debug|Any CPU.Build.0 = Debug|Any CPU
		{4C6C3D75-0994-412A-B2E3-F0744E97D1A4}.Release|Any CPU.ActiveCfg = Release|Any CPU
		{4C6C3D75-0994-412A-B2E3-F0744E97D1A4}.Release|Any CPU.Build.0 = Release|Any CPU
		{479229AD-AED9-4ED3-85B7-C7F1FCFC9D74}.Debug|Any CPU.ActiveCfg = Debug|Any CPU
		{479229AD-AED9-4ED3-85B7-C7F1FCFC9D74}.Debug|Any CPU.Build.0 = Debug|Any CPU
		{479229AD-AED9-4ED3-85B7-C7F1FCFC9D74}.Release|Any CPU.ActiveCfg = Release|Any CPU
		{479229AD-AED9-4ED3-85B7-C7F1FCFC9D74}.Release|Any CPU.Build.0 = Release|Any CPU
		{20BB1DBA-5A4D-4BE5-9371-9E529C044CF4}.Debug|Any CPU.ActiveCfg = Debug|Any CPU
		{20BB1DBA-5A4D-4BE5-9371-9E529C044CF4}.Debug|Any CPU.Build.0 = Debug|Any CPU
		{20BB1DBA-5A4D-4BE5-9371-9E529C044CF4}.Release|Any CPU.ActiveCfg = Release|Any CPU
		{20BB1DBA-5A4D-4BE5-9371-9E529C044CF4}.Release|Any CPU.Build.0 = Release|Any CPU
		{243384AC-3806-4377-B223-41565D684964}.Debug|Any CPU.ActiveCfg = Debug|Any CPU
		{243384AC-3806-4377-B223-41565D684964}.Debug|Any CPU.Build.0 = Debug|Any CPU
		{243384AC-3806-4377-B223-41565D684964}.Release|Any CPU.ActiveCfg = Release|Any CPU
		{243384AC-3806-4377-B223-41565D684964}.Release|Any CPU.Build.0 = Release|Any CPU
		{CCA305DC-37FF-4721-81D0-7F0A30C52522}.Debug|Any CPU.ActiveCfg = Debug|Any CPU
		{CCA305DC-37FF-4721-81D0-7F0A30C52522}.Debug|Any CPU.Build.0 = Debug|Any CPU
		{CCA305DC-37FF-4721-81D0-7F0A30C52522}.Release|Any CPU.ActiveCfg = Release|Any CPU
		{CCA305DC-37FF-4721-81D0-7F0A30C52522}.Release|Any CPU.Build.0 = Release|Any CPU
		{ECBDD65F-7B1D-42E9-84BA-07677209A897}.Debug|Any CPU.ActiveCfg = Debug|Any CPU
		{ECBDD65F-7B1D-42E9-84BA-07677209A897}.Debug|Any CPU.Build.0 = Debug|Any CPU
		{ECBDD65F-7B1D-42E9-84BA-07677209A897}.Release|Any CPU.ActiveCfg = Release|Any CPU
		{ECBDD65F-7B1D-42E9-84BA-07677209A897}.Release|Any CPU.Build.0 = Release|Any CPU
		{423B00FB-9E8D-4BFF-8092-AA318AC0C103}.Debug|Any CPU.ActiveCfg = Debug|Any CPU
		{423B00FB-9E8D-4BFF-8092-AA318AC0C103}.Debug|Any CPU.Build.0 = Debug|Any CPU
		{423B00FB-9E8D-4BFF-8092-AA318AC0C103}.Release|Any CPU.ActiveCfg = Release|Any CPU
		{423B00FB-9E8D-4BFF-8092-AA318AC0C103}.Release|Any CPU.Build.0 = Release|Any CPU
		{22A062D2-6404-4EFE-9C3E-C8041E418CF7}.Debug|Any CPU.ActiveCfg = Debug|Any CPU
		{22A062D2-6404-4EFE-9C3E-C8041E418CF7}.Debug|Any CPU.Build.0 = Debug|Any CPU
		{22A062D2-6404-4EFE-9C3E-C8041E418CF7}.Release|Any CPU.ActiveCfg = Release|Any CPU
		{22A062D2-6404-4EFE-9C3E-C8041E418CF7}.Release|Any CPU.Build.0 = Release|Any CPU
		{A9937CAA-671B-46EF-9972-DC5EFBF82C40}.Debug|Any CPU.ActiveCfg = Debug|Any CPU
		{A9937CAA-671B-46EF-9972-DC5EFBF82C40}.Debug|Any CPU.Build.0 = Debug|Any CPU
		{A9937CAA-671B-46EF-9972-DC5EFBF82C40}.Release|Any CPU.ActiveCfg = Release|Any CPU
		{A9937CAA-671B-46EF-9972-DC5EFBF82C40}.Release|Any CPU.Build.0 = Release|Any CPU
		{4EC8D654-8DC0-4D78-928F-1527651582D0}.Debug|Any CPU.ActiveCfg = Debug|Any CPU
		{4EC8D654-8DC0-4D78-928F-1527651582D0}.Debug|Any CPU.Build.0 = Debug|Any CPU
		{4EC8D654-8DC0-4D78-928F-1527651582D0}.Release|Any CPU.ActiveCfg = Release|Any CPU
		{4EC8D654-8DC0-4D78-928F-1527651582D0}.Release|Any CPU.Build.0 = Release|Any CPU
	EndGlobalSection
	GlobalSection(SolutionProperties) = preSolution
		HideSolutionNode = FALSE
	EndGlobalSection
	GlobalSection(NestedProjects) = preSolution
		{9F6A8E83-41D8-46BC-86B5-9E41DBA3A5E0} = {A732C371-F0FE-478A-A9AE-50ADBDAA1A8C}
		{4C6C3D75-0994-412A-B2E3-F0744E97D1A4} = {A732C371-F0FE-478A-A9AE-50ADBDAA1A8C}
		{479229AD-AED9-4ED3-85B7-C7F1FCFC9D74} = {A732C371-F0FE-478A-A9AE-50ADBDAA1A8C}
		{20BB1DBA-5A4D-4BE5-9371-9E529C044CF4} = {A732C371-F0FE-478A-A9AE-50ADBDAA1A8C}
		{243384AC-3806-4377-B223-41565D684964} = {A732C371-F0FE-478A-A9AE-50ADBDAA1A8C}
		{CCA305DC-37FF-4721-81D0-7F0A30C52522} = {A732C371-F0FE-478A-A9AE-50ADBDAA1A8C}
		{ECBDD65F-7B1D-42E9-84BA-07677209A897} = {C779FE3F-B465-4A61-A566-BC82DE7C6203}
		{423B00FB-9E8D-4BFF-8092-AA318AC0C103} = {C779FE3F-B465-4A61-A566-BC82DE7C6203}
		{22A062D2-6404-4EFE-9C3E-C8041E418CF7} = {FEF87304-26B0-47E4-A3F8-DE8651D20FC7}
		{A9937CAA-671B-46EF-9972-DC5EFBF82C40} = {FEF87304-26B0-47E4-A3F8-DE8651D20FC7}
		{4EC8D654-8DC0-4D78-928F-1527651582D0} = {5A58917C-0919-477A-9843-303A355B63BB}
	EndGlobalSection
EndGlobal
